
Microsoft Visual Studio Solution File, Format Version 12.00
# Visual Studio Version 17
VisualStudioVersion = 17.8.34316.72
MinimumVisualStudioVersion = 10.0.40219.1
Project("{2150E333-8FDC-42A3-9474-1A3956D46DE8}") = "src", "src", "{A1979D6C-91B7-4977-9B3C-AB780FC3C3E4}"
EndProject
Project("{2150E333-8FDC-42A3-9474-1A3956D46DE8}") = "test", "test", "{E86891E2-B63A-4847-A10D-5845AE61BD1B}"
EndProject
Project("{2150E333-8FDC-42A3-9474-1A3956D46DE8}") = "API", "API", "{BD9EBE06-A74E-4E60-8F80-A8A5591E5BAA}"
EndProject
Project("{2150E333-8FDC-42A3-9474-1A3956D46DE8}") = "Core", "Core", "{076A3367-2DFA-4513-8FA1-C2B2EAFA7C6B}"
EndProject
Project("{9A19103F-16F7-4668-BE54-9A1E7A4F7556}") = "MediaExpert.Products.Domain", "MediaExpert.Products.Domain\MediaExpert.Products.Domain.csproj", "{6CC3962B-ADA0-407D-B87D-B6BDEAB32509}"
EndProject
Project("{9A19103F-16F7-4668-BE54-9A1E7A4F7556}") = "MediaExpert.Products.Application", "MediaExpert.Application\MediaExpert.Products.Application.csproj", "{C21D9CD4-5422-40A7-8777-1E850B575D4D}"
EndProject
Project("{2150E333-8FDC-42A3-9474-1A3956D46DE8}") = "Inftastructure", "Inftastructure", "{33A56237-2312-431F-8089-F726010A60FC}"
EndProject
Project("{9A19103F-16F7-4668-BE54-9A1E7A4F7556}") = "MediaExpert.Products.Persistence", "MediaExpert.Products.Persistence\MediaExpert.Products.Persistence.csproj", "{EC329DED-7318-4418-B9A5-78274BE9775E}"
EndProject
Project("{9A19103F-16F7-4668-BE54-9A1E7A4F7556}") = "MediaExpert.Products.Api", "MediaExpert.Products.Api\MediaExpert.Products.Api.csproj", "{892B2C1F-96AE-4294-BE67-72A4F1EB2AA8}"
EndProject
Project("{9A19103F-16F7-4668-BE54-9A1E7A4F7556}") = "MediaExpert.Products.UnitTests", "MediaExpert.Products.UnitTests\MediaExpert.Products.UnitTests.csproj", "{166B8E0E-E3C0-4F36-9FB8-C87E939BC293}"
EndProject
Project("{2150E333-8FDC-42A3-9474-1A3956D46DE8}") = "client", "client", "{CFD644DA-102B-427B-8082-1FB11B34995F}"
	ProjectSection(SolutionItems) = preProject
		ProductsCatalog-client\.editorconfig = ProductsCatalog-client\.editorconfig
		ProductsCatalog-client\.gitignore = ProductsCatalog-client\.gitignore
		ProductsCatalog-client\angular.json = ProductsCatalog-client\angular.json
		ProductsCatalog-client\package-lock.json = ProductsCatalog-client\package-lock.json
		ProductsCatalog-client\package.json = ProductsCatalog-client\package.json
		ProductsCatalog-client\README.md = ProductsCatalog-client\README.md
		ProductsCatalog-client\tsconfig.app.json = ProductsCatalog-client\tsconfig.app.json
		ProductsCatalog-client\tsconfig.json = ProductsCatalog-client\tsconfig.json
		ProductsCatalog-client\tsconfig.spec.json = ProductsCatalog-client\tsconfig.spec.json
	EndProjectSection
EndProject
Global
	GlobalSection(SolutionConfigurationPlatforms) = preSolution
		Debug|Any CPU = Debug|Any CPU
		Release|Any CPU = Release|Any CPU
	EndGlobalSection
	GlobalSection(ProjectConfigurationPlatforms) = postSolution
		{6CC3962B-ADA0-407D-B87D-B6BDEAB32509}.Debug|Any CPU.ActiveCfg = Debug|Any CPU
		{6CC3962B-ADA0-407D-B87D-B6BDEAB32509}.Debug|Any CPU.Build.0 = Debug|Any CPU
		{6CC3962B-ADA0-407D-B87D-B6BDEAB32509}.Release|Any CPU.ActiveCfg = Release|Any CPU
		{6CC3962B-ADA0-407D-B87D-B6BDEAB32509}.Release|Any CPU.Build.0 = Release|Any CPU
		{C21D9CD4-5422-40A7-8777-1E850B575D4D}.Debug|Any CPU.ActiveCfg = Debug|Any CPU
		{C21D9CD4-5422-40A7-8777-1E850B575D4D}.Debug|Any CPU.Build.0 = Debug|Any CPU
		{C21D9CD4-5422-40A7-8777-1E850B575D4D}.Release|Any CPU.ActiveCfg = Release|Any CPU
		{C21D9CD4-5422-40A7-8777-1E850B575D4D}.Release|Any CPU.Build.0 = Release|Any CPU
		{EC329DED-7318-4418-B9A5-78274BE9775E}.Debug|Any CPU.ActiveCfg = Debug|Any CPU
		{EC329DED-7318-4418-B9A5-78274BE9775E}.Debug|Any CPU.Build.0 = Debug|Any CPU
		{EC329DED-7318-4418-B9A5-78274BE9775E}.Release|Any CPU.ActiveCfg = Release|Any CPU
		{EC329DED-7318-4418-B9A5-78274BE9775E}.Release|Any CPU.Build.0 = Release|Any CPU
		{892B2C1F-96AE-4294-BE67-72A4F1EB2AA8}.Debug|Any CPU.ActiveCfg = Debug|Any CPU
		{892B2C1F-96AE-4294-BE67-72A4F1EB2AA8}.Debug|Any CPU.Build.0 = Debug|Any CPU
		{892B2C1F-96AE-4294-BE67-72A4F1EB2AA8}.Release|Any CPU.ActiveCfg = Release|Any CPU
		{892B2C1F-96AE-4294-BE67-72A4F1EB2AA8}.Release|Any CPU.Build.0 = Release|Any CPU
		{166B8E0E-E3C0-4F36-9FB8-C87E939BC293}.Debug|Any CPU.ActiveCfg = Debug|Any CPU
		{166B8E0E-E3C0-4F36-9FB8-C87E939BC293}.Debug|Any CPU.Build.0 = Debug|Any CPU
		{166B8E0E-E3C0-4F36-9FB8-C87E939BC293}.Release|Any CPU.ActiveCfg = Release|Any CPU
		{166B8E0E-E3C0-4F36-9FB8-C87E939BC293}.Release|Any CPU.Build.0 = Release|Any CPU
	EndGlobalSection
	GlobalSection(SolutionProperties) = preSolution
		HideSolutionNode = FALSE
	EndGlobalSection
	GlobalSection(NestedProjects) = preSolution
		{BD9EBE06-A74E-4E60-8F80-A8A5591E5BAA} = {A1979D6C-91B7-4977-9B3C-AB780FC3C3E4}
		{076A3367-2DFA-4513-8FA1-C2B2EAFA7C6B} = {A1979D6C-91B7-4977-9B3C-AB780FC3C3E4}
		{6CC3962B-ADA0-407D-B87D-B6BDEAB32509} = {076A3367-2DFA-4513-8FA1-C2B2EAFA7C6B}
		{C21D9CD4-5422-40A7-8777-1E850B575D4D} = {076A3367-2DFA-4513-8FA1-C2B2EAFA7C6B}
		{33A56237-2312-431F-8089-F726010A60FC} = {A1979D6C-91B7-4977-9B3C-AB780FC3C3E4}
		{EC329DED-7318-4418-B9A5-78274BE9775E} = {33A56237-2312-431F-8089-F726010A60FC}
		{892B2C1F-96AE-4294-BE67-72A4F1EB2AA8} = {BD9EBE06-A74E-4E60-8F80-A8A5591E5BAA}
		{166B8E0E-E3C0-4F36-9FB8-C87E939BC293} = {E86891E2-B63A-4847-A10D-5845AE61BD1B}
		{CFD644DA-102B-427B-8082-1FB11B34995F} = {A1979D6C-91B7-4977-9B3C-AB780FC3C3E4}
	EndGlobalSection
	GlobalSection(ExtensibilityGlobals) = postSolution
		SolutionGuid = {FC27DCCD-F822-419F-B089-520EDB85F6FC}
	EndGlobalSection
EndGlobal
